# This file is automatically @generated by Cargo.
# It is not intended for manual editing.
[[package]]
name = "simple_config_parser"
version = "0.1.1"
source = "registry+https://github.com/rust-lang/crates.io-index"
checksum = "e54e34c525d7a22a9f407066bca1660ad9b123fe36944ca4f883b77e44e23215"

[[package]]
name = "testing"
version = "0.1.0"
dependencies = [
 "simple_config_parser",
]
